
Microsoft Visual Studio Solution File, Format Version 11.00
# Visual Studio 2010
# SharpDevelop 4.4
Project("{FD48973F-F585-4F70-812B-4D0503B36CE9}") = "Prog82a(trafficticketCorrect)", "Prog82a(trafficticketCorrect)\Prog82a(trafficticketCorrect).pyproj", "{FE99C665-56CA-43CD-81C2-F3359FF6049A}"
EndProject
Global
	GlobalSection(SolutionConfigurationPlatforms) = preSolution
		Debug|Any CPU = Debug|Any CPU
		Release|Any CPU = Release|Any CPU
	EndGlobalSection
	GlobalSection(ProjectConfigurationPlatforms) = postSolution
		{FE99C665-56CA-43CD-81C2-F3359FF6049A}.Debug|Any CPU.Build.0 = Debug|Any CPU
		{FE99C665-56CA-43CD-81C2-F3359FF6049A}.Debug|Any CPU.ActiveCfg = Debug|Any CPU
		{FE99C665-56CA-43CD-81C2-F3359FF6049A}.Release|Any CPU.Build.0 = Release|Any CPU
		{FE99C665-56CA-43CD-81C2-F3359FF6049A}.Release|Any CPU.ActiveCfg = Release|Any CPU
	EndGlobalSection
EndGlobal
