
Microsoft Visual Studio Solution File, Format Version 11.00
# Visual Studio 2010
# SharpDevelop 4.4
Project("{FD48973F-F585-4F70-812B-4D0503B36CE9}") = "Prog82a(correct, other is 88)", "Prog82a(correct, other is 88)\Prog82a(correct, other is 88).pyproj", "{84AF9DEB-6268-4017-9235-6A2EAD91EFE8}"
EndProject
Global
	GlobalSection(SolutionConfigurationPlatforms) = preSolution
		Debug|Any CPU = Debug|Any CPU
		Release|Any CPU = Release|Any CPU
	EndGlobalSection
	GlobalSection(ProjectConfigurationPlatforms) = postSolution
		{84AF9DEB-6268-4017-9235-6A2EAD91EFE8}.Debug|Any CPU.Build.0 = Debug|Any CPU
		{84AF9DEB-6268-4017-9235-6A2EAD91EFE8}.Debug|Any CPU.ActiveCfg = Debug|Any CPU
		{84AF9DEB-6268-4017-9235-6A2EAD91EFE8}.Release|Any CPU.Build.0 = Release|Any CPU
		{84AF9DEB-6268-4017-9235-6A2EAD91EFE8}.Release|Any CPU.ActiveCfg = Release|Any CPU
	EndGlobalSection
EndGlobal
