
Microsoft Visual Studio Solution File, Format Version 11.00
# Visual Studio 2010
# SharpDevelop 4.4
Project("{FD48973F-F585-4F70-812B-4D0503B36CE9}") = "Prog122h(roots+cubes)", "Prog122h(roots+cubes)\Prog122h(roots+cubes).pyproj", "{C40D5835-F7DD-4C56-9C84-05130CCBB0FA}"
EndProject
Global
	GlobalSection(SolutionConfigurationPlatforms) = preSolution
		Debug|Any CPU = Debug|Any CPU
		Release|Any CPU = Release|Any CPU
	EndGlobalSection
	GlobalSection(ProjectConfigurationPlatforms) = postSolution
		{C40D5835-F7DD-4C56-9C84-05130CCBB0FA}.Debug|Any CPU.Build.0 = Debug|Any CPU
		{C40D5835-F7DD-4C56-9C84-05130CCBB0FA}.Debug|Any CPU.ActiveCfg = Debug|Any CPU
		{C40D5835-F7DD-4C56-9C84-05130CCBB0FA}.Release|Any CPU.Build.0 = Release|Any CPU
		{C40D5835-F7DD-4C56-9C84-05130CCBB0FA}.Release|Any CPU.ActiveCfg = Release|Any CPU
	EndGlobalSection
EndGlobal
