
Microsoft Visual Studio Solution File, Format Version 11.00
# Visual Studio 2010
# SharpDevelop 4.4
Project("{FD48973F-F585-4F70-812B-4D0503B36CE9}") = "pg269(race)", "pg269(race)\pg269(race).pyproj", "{BBADCFAC-EF31-4C6F-8F16-570ED2262555}"
EndProject
Global
	GlobalSection(SolutionConfigurationPlatforms) = preSolution
		Debug|Any CPU = Debug|Any CPU
		Release|Any CPU = Release|Any CPU
	EndGlobalSection
	GlobalSection(ProjectConfigurationPlatforms) = postSolution
		{BBADCFAC-EF31-4C6F-8F16-570ED2262555}.Debug|Any CPU.Build.0 = Debug|Any CPU
		{BBADCFAC-EF31-4C6F-8F16-570ED2262555}.Debug|Any CPU.ActiveCfg = Debug|Any CPU
		{BBADCFAC-EF31-4C6F-8F16-570ED2262555}.Release|Any CPU.Build.0 = Release|Any CPU
		{BBADCFAC-EF31-4C6F-8F16-570ED2262555}.Release|Any CPU.ActiveCfg = Release|Any CPU
	EndGlobalSection
EndGlobal
