
Microsoft Visual Studio Solution File, Format Version 11.00
# Visual Studio 2010
# SharpDevelop 4.4
Project("{FD48973F-F585-4F70-812B-4D0503B36CE9}") = "Pg268(FatCalc)", "Pg268(FatCalc)\Pg268(FatCalc).pyproj", "{D3CD2A03-EF94-408C-B5D3-38D8FFD06B68}"
EndProject
Global
	GlobalSection(SolutionConfigurationPlatforms) = preSolution
		Debug|Any CPU = Debug|Any CPU
		Release|Any CPU = Release|Any CPU
	EndGlobalSection
	GlobalSection(ProjectConfigurationPlatforms) = postSolution
		{D3CD2A03-EF94-408C-B5D3-38D8FFD06B68}.Debug|Any CPU.Build.0 = Debug|Any CPU
		{D3CD2A03-EF94-408C-B5D3-38D8FFD06B68}.Debug|Any CPU.ActiveCfg = Debug|Any CPU
		{D3CD2A03-EF94-408C-B5D3-38D8FFD06B68}.Release|Any CPU.Build.0 = Release|Any CPU
		{D3CD2A03-EF94-408C-B5D3-38D8FFD06B68}.Release|Any CPU.ActiveCfg = Release|Any CPU
	EndGlobalSection
EndGlobal
