
Microsoft Visual Studio Solution File, Format Version 11.00
# Visual Studio 2010
# SharpDevelop 4.4
Project("{FD48973F-F585-4F70-812B-4D0503B36CE9}") = "Prog162b(Popgrowth)", "Prog162b(Popgrowth)\Prog162b(Popgrowth).pyproj", "{FCAE629D-E4EE-4A6B-B02B-210132A69D17}"
EndProject
Global
	GlobalSection(SolutionConfigurationPlatforms) = preSolution
		Debug|Any CPU = Debug|Any CPU
		Release|Any CPU = Release|Any CPU
	EndGlobalSection
	GlobalSection(ProjectConfigurationPlatforms) = postSolution
		{FCAE629D-E4EE-4A6B-B02B-210132A69D17}.Debug|Any CPU.Build.0 = Debug|Any CPU
		{FCAE629D-E4EE-4A6B-B02B-210132A69D17}.Debug|Any CPU.ActiveCfg = Debug|Any CPU
		{FCAE629D-E4EE-4A6B-B02B-210132A69D17}.Release|Any CPU.Build.0 = Release|Any CPU
		{FCAE629D-E4EE-4A6B-B02B-210132A69D17}.Release|Any CPU.ActiveCfg = Release|Any CPU
	EndGlobalSection
EndGlobal
