
Microsoft Visual Studio Solution File, Format Version 11.00
# Visual Studio 2010
# SharpDevelop 4.2.1.8805
Project("{FD48973F-F585-4F70-812B-4D0503B36CE9}") = "prog65h", "prog65h.pyproj", "{A90FC935-948B-47CD-B92B-7A8957828B37}"
EndProject
Global
	GlobalSection(SolutionConfigurationPlatforms) = preSolution
		Debug|Any CPU = Debug|Any CPU
		Release|Any CPU = Release|Any CPU
		Debug|Any CPU = Debug|Any CPU
		Release|Any CPU = Release|Any CPU
	EndGlobalSection
	GlobalSection(ProjectConfigurationPlatforms) = postSolution
		{A90FC935-948B-47CD-B92B-7A8957828B37}.Debug|Any CPU.Build.0 = Debug|Any CPU
		{A90FC935-948B-47CD-B92B-7A8957828B37}.Debug|Any CPU.ActiveCfg = Debug|Any CPU
		{A90FC935-948B-47CD-B92B-7A8957828B37}.Release|Any CPU.Build.0 = Release|Any CPU
		{A90FC935-948B-47CD-B92B-7A8957828B37}.Release|Any CPU.ActiveCfg = Release|Any CPU
	EndGlobalSection
EndGlobal
