
Microsoft Visual Studio Solution File, Format Version 11.00
# Visual Studio 2010
# SharpDevelop 4.2.1.8805
Project("{BD8E9625-815A-4BDB-B228-5D4F9C2541A1}") = "Prog54b", "Prog54b.rbproj", "{9FDB6C55-45F3-43F8-8D54-A13C5E464F88}"
EndProject
Global
	GlobalSection(SolutionConfigurationPlatforms) = preSolution
		Debug|Any CPU = Debug|Any CPU
		Release|Any CPU = Release|Any CPU
		Debug|Any CPU = Debug|Any CPU
		Release|Any CPU = Release|Any CPU
	EndGlobalSection
	GlobalSection(ProjectConfigurationPlatforms) = postSolution
		{9FDB6C55-45F3-43F8-8D54-A13C5E464F88}.Debug|Any CPU.Build.0 = Debug|Any CPU
		{9FDB6C55-45F3-43F8-8D54-A13C5E464F88}.Debug|Any CPU.ActiveCfg = Debug|Any CPU
		{9FDB6C55-45F3-43F8-8D54-A13C5E464F88}.Release|Any CPU.Build.0 = Release|Any CPU
		{9FDB6C55-45F3-43F8-8D54-A13C5E464F88}.Release|Any CPU.ActiveCfg = Release|Any CPU
	EndGlobalSection
EndGlobal
