
Microsoft Visual Studio Solution File, Format Version 11.00
# Visual Studio 2010
# SharpDevelop 4.4
Project("{FD48973F-F585-4F70-812B-4D0503B36CE9}") = "Prog93a", "Prog93a\Prog93a.pyproj", "{90C3FCC7-E25E-4D08-9E5B-CEA776FB5E55}"
EndProject
Global
	GlobalSection(SolutionConfigurationPlatforms) = preSolution
		Debug|Any CPU = Debug|Any CPU
		Release|Any CPU = Release|Any CPU
	EndGlobalSection
	GlobalSection(ProjectConfigurationPlatforms) = postSolution
		{90C3FCC7-E25E-4D08-9E5B-CEA776FB5E55}.Debug|Any CPU.Build.0 = Debug|Any CPU
		{90C3FCC7-E25E-4D08-9E5B-CEA776FB5E55}.Debug|Any CPU.ActiveCfg = Debug|Any CPU
		{90C3FCC7-E25E-4D08-9E5B-CEA776FB5E55}.Release|Any CPU.Build.0 = Release|Any CPU
		{90C3FCC7-E25E-4D08-9E5B-CEA776FB5E55}.Release|Any CPU.ActiveCfg = Release|Any CPU
	EndGlobalSection
EndGlobal
