
Microsoft Visual Studio Solution File, Format Version 11.00
# Visual Studio 2010
# SharpDevelop 4.2.1.8805
Project("{BD8E9625-815A-4BDB-B228-5D4F9C2541A1}") = "Craig Rules", "Craig Rules.rbproj", "{164F4492-E54C-4851-95B9-F6432DEF3B89}"
EndProject
Global
	GlobalSection(SolutionConfigurationPlatforms) = preSolution
		Debug|x86 = Debug|x86
		Release|x86 = Release|x86
		Debug|x86 = Debug|x86
		Release|x86 = Release|x86
	EndGlobalSection
	GlobalSection(ProjectConfigurationPlatforms) = postSolution
		{164F4492-E54C-4851-95B9-F6432DEF3B89}.Debug|x86.Build.0 = Debug|x86
		{164F4492-E54C-4851-95B9-F6432DEF3B89}.Debug|x86.ActiveCfg = Debug|x86
		{164F4492-E54C-4851-95B9-F6432DEF3B89}.Release|x86.Build.0 = Release|x86
		{164F4492-E54C-4851-95B9-F6432DEF3B89}.Release|x86.ActiveCfg = Release|x86
	EndGlobalSection
EndGlobal
