
Microsoft Visual Studio Solution File, Format Version 11.00
# Visual Studio 2010
# SharpDevelop 4.4
Project("{FD48973F-F585-4F70-812B-4D0503B36CE9}") = "Prog122c(NumberChart)", "Prog122c(NumberChart)\Prog122c(NumberChart).pyproj", "{8092E4BE-15AD-476E-AA8F-3DB605B1BFBF}"
EndProject
Global
	GlobalSection(SolutionConfigurationPlatforms) = preSolution
		Debug|Any CPU = Debug|Any CPU
		Release|Any CPU = Release|Any CPU
	EndGlobalSection
	GlobalSection(ProjectConfigurationPlatforms) = postSolution
		{8092E4BE-15AD-476E-AA8F-3DB605B1BFBF}.Debug|Any CPU.Build.0 = Debug|Any CPU
		{8092E4BE-15AD-476E-AA8F-3DB605B1BFBF}.Debug|Any CPU.ActiveCfg = Debug|Any CPU
		{8092E4BE-15AD-476E-AA8F-3DB605B1BFBF}.Release|Any CPU.Build.0 = Release|Any CPU
		{8092E4BE-15AD-476E-AA8F-3DB605B1BFBF}.Release|Any CPU.ActiveCfg = Release|Any CPU
	EndGlobalSection
EndGlobal
