
Microsoft Visual Studio Solution File, Format Version 11.00
# Visual Studio 2010
# SharpDevelop 4.2.1.8805
Project("{FD48973F-F585-4F70-812B-4D0503B36CE9}") = "ProgrammingFinal (Pong Redux)", "ProgrammingFinal (Pong Redux).pyproj", "{14639C6D-9C9E-4236-BF68-CE29FD12B4AC}"
EndProject
Global
	GlobalSection(SolutionConfigurationPlatforms) = preSolution
		Debug|x86 = Debug|x86
		Release|x86 = Release|x86
	EndGlobalSection
	GlobalSection(ProjectConfigurationPlatforms) = postSolution
		{14639C6D-9C9E-4236-BF68-CE29FD12B4AC}.Debug|x86.Build.0 = Debug|x86
		{14639C6D-9C9E-4236-BF68-CE29FD12B4AC}.Debug|x86.ActiveCfg = Debug|x86
		{14639C6D-9C9E-4236-BF68-CE29FD12B4AC}.Release|x86.Build.0 = Release|x86
		{14639C6D-9C9E-4236-BF68-CE29FD12B4AC}.Release|x86.ActiveCfg = Release|x86
	EndGlobalSection
EndGlobal
